// !$*UTF8*$!
{
	archiveVersion = 1;
	classes = {
	};
	objectVersion = 46;
	objects = {

/* Begin PBXBuildFile section */
		305042AA1C761851004C0B6C /* main.m in Sources */ = {isa = PBXBuildFile; fileRef = 305042A91C761851004C0B6C /* main.m */; };
		305042AD1C761851004C0B6C /* AppDelegate.m in Sources */ = {isa = PBXBuildFile; fileRef = 305042AC1C761851004C0B6C /* AppDelegate.m */; };
		305042B01C761851004C0B6C /* ViewController.m in Sources */ = {isa = PBXBuildFile; fileRef = 305042AF1C761851004C0B6C /* ViewController.m */; };
		305042B31C761851004C0B6C /* Main.storyboard in Resources */ = {isa = PBXBuildFile; fileRef = 305042B11C761851004C0B6C /* Main.storyboard */; };
		305042B51C761851004C0B6C /* Assets.xcassets in Resources */ = {isa = PBXBuildFile; fileRef = 305042B41C761851004C0B6C /* Assets.xcassets */; };
		305042B81C761851004C0B6C /* LaunchScreen.storyboard in Resources */ = {isa = PBXBuildFile; fileRef = 305042B61C761851004C0B6C /* LaunchScreen.storyboard */; };
		305042C31C761851004C0B6C /* NoshTests.m in Sources */ = {isa = PBXBuildFile; fileRef = 305042C21C761851004C0B6C /* NoshTests.m */; };
		305042CE1C761851004C0B6C /* NoshUITests.m in Sources */ = {isa = PBXBuildFile; fileRef = 305042CD1C761851004C0B6C /* NoshUITests.m */; };
/* End PBXBuildFile section */

/* Begin PBXContainerItemProxy section */
		305042BF1C761851004C0B6C /* PBXContainerItemProxy */ = {
			isa = PBXContainerItemProxy;
			containerPortal = 3050429D1C761851004C0B6C /* Project object */;
			proxyType = 1;
			remoteGlobalIDString = 305042A41C761851004C0B6C;
			remoteInfo = Nosh;
		};
		305042CA1C761851004C0B6C /* PBXContainerItemProxy */ = {
			isa = PBXContainerItemProxy;
			containerPortal = 3050429D1C761851004C0B6C /* Project object */;
			proxyType = 1;
			remoteGlobalIDString = 305042A41C761851004C0B6C;
			remoteInfo = Nosh;
		};
/* End PBXContainerItemProxy section */

/* Begin PBXFileReference section */
		305042A51C761851004C0B6C /* Nosh.app */ = {isa = PBXFileReference; explicitFileType = wrapper.application; includeInIndex = 0; path = Nosh.app; sourceTree = BUILT_PRODUCTS_DIR; };
		305042A91C761851004C0B6C /* main.m */ = {isa = PBXFileReference; lastKnownFileType = sourcecode.c.objc; path = main.m; sourceTree = "<group>"; };
		305042AB1C761851004C0B6C /* AppDelegate.h */ = {isa = PBXFileReference; lastKnownFileType = sourcecode.c.h; path = AppDelegate.h; sourceTree = "<group>"; };
		305042AC1C761851004C0B6C /* AppDelegate.m */ = {isa = PBXFileReference; lastKnownFileType = sourcecode.c.objc; path = AppDelegate.m; sourceTree = "<group>"; };
		305042AE1C761851004C0B6C /* ViewController.h */ = {isa = PBXFileReference; lastKnownFileType = sourcecode.c.h; path = ViewController.h; sourceTree = "<group>"; };
		305042AF1C761851004C0B6C /* ViewController.m */ = {isa = PBXFileReference; lastKnownFileType = sourcecode.c.objc; path = ViewController.m; sourceTree = "<group>"; };
		305042B21C761851004C0B6C /* Base */ = {isa = PBXFileReference; lastKnownFileType = file.storyboard; name = Base; path = Base.lproj/Main.storyboard; sourceTree = "<group>"; };
		305042B41C761851004C0B6C /* Assets.xcassets */ = {isa = PBXFileReference; lastKnownFileType = folder.assetcatalog; path = Assets.xcassets; sourceTree = "<group>"; };
		305042B71C761851004C0B6C /* Base */ = {isa = PBXFileReference; lastKnownFileType = file.storyboard; name = Base; path = Base.lproj/LaunchScreen.storyboard; sourceTree = "<group>"; };
		305042B91C761851004C0B6C /* Info.plist */ = {isa = PBXFileReference; lastKnownFileType = text.plist.xml; path = Info.plist; sourceTree = "<group>"; };
		305042BE1C761851004C0B6C /* NoshTests.xctest */ = {isa = PBXFileReference; explicitFileType = wrapper.cfbundle; includeInIndex = 0; path = NoshTests.xctest; sourceTree = BUILT_PRODUCTS_DIR; };
		305042C21C761851004C0B6C /* NoshTests.m */ = {isa = PBXFileReference; lastKnownFileType = sourcecode.c.objc; path = NoshTests.m; sourceTree = "<group>"; };
		305042C41C761851004C0B6C /* Info.plist */ = {isa = PBXFileReference; lastKnownFileType = text.plist.xml; path = Info.plist; sourceTree = "<group>"; };
		305042C91C761851004C0B6C /* NoshUITests.xctest */ = {isa = PBXFileReference; explicitFileType = wrapper.cfbundle; includeInIndex = 0; path = NoshUITests.xctest; sourceTree = BUILT_PRODUCTS_DIR; };
		305042CD1C761851004C0B6C /* NoshUITests.m */ = {isa = PBXFileReference; lastKnownFileType = sourcecode.c.objc; path = NoshUITests.m; sourceTree = "<group>"; };
		305042CF1C761851004C0B6C /* Info.plist */ = {isa = PBXFileReference; lastKnownFileType = text.plist.xml; path = Info.plist; sourceTree = "<group>"; };
/* End PBXFileReference section */

/* Begin PBXFrameworksBuildPhase section */
		305042A21C761851004C0B6C /* Frameworks */ = {
			isa = PBXFrameworksBuildPhase;
			buildActionMask = 2147483647;
			files = (
			);
			runOnlyForDeploymentPostprocessing = 0;
		};
		305042BB1C761851004C0B6C /* Frameworks */ = {
			isa = PBXFrameworksBuildPhase;
			buildActionMask = 2147483647;
			files = (
			);
			runOnlyForDeploymentPostprocessing = 0;
		};
		305042C61C761851004C0B6C /* Frameworks */ = {
			isa = PBXFrameworksBuildPhase;
			buildActionMask = 2147483647;
			files = (
			);
			runOnlyForDeploymentPostprocessing = 0;
		};
/* End PBXFrameworksBuildPhase section */

/* Begin PBXGroup section */
		3050429C1C761851004C0B6C = {
			isa = PBXGroup;
			children = (
				305042A71C761851004C0B6C /* Nosh */,
				305042C11C761851004C0B6C /* NoshTests */,
				305042CC1C761851004C0B6C /* NoshUITests */,
				305042A61C761851004C0B6C /* Products */,
			);
			sourceTree = "<group>";
		};
		305042A61C761851004C0B6C /* Products */ = {
			isa = PBXGroup;
			children = (
				305042A51C761851004C0B6C /* Nosh.app */,
				305042BE1C761851004C0B6C /* NoshTests.xctest */,
				305042C91C761851004C0B6C /* NoshUITests.xctest */,
			);
			name = Products;
			sourceTree = "<group>";
		};
		305042A71C761851004C0B6C /* Nosh */ = {
			isa = PBXGroup;
			children = (
				305042AB1C761851004C0B6C /* AppDelegate.h */,
				305042AC1C761851004C0B6C /* AppDelegate.m */,
				305042AE1C761851004C0B6C /* ViewController.h */,
				305042AF1C761851004C0B6C /* ViewController.m */,
				305042B11C761851004C0B6C /* Main.storyboard */,
				305042B41C761851004C0B6C /* Assets.xcassets */,
				305042B61C761851004C0B6C /* LaunchScreen.storyboard */,
				305042B91C761851004C0B6C /* Info.plist */,
				305042A81C761851004C0B6C /* Supporting Files */,
			);
			path = Nosh;
			sourceTree = "<group>";
		};
		305042A81C761851004C0B6C /* Supporting Files */ = {
			isa = PBXGroup;
			children = (
				305042A91C761851004C0B6C /* main.m */,
			);
			name = "Supporting Files";
			sourceTree = "<group>";
		};
		305042C11C761851004C0B6C /* NoshTests */ = {
			isa = PBXGroup;
			children = (
				305042C21C761851004C0B6C /* NoshTests.m */,
				305042C41C761851004C0B6C /* Info.plist */,
			);
			path = NoshTests;
			sourceTree = "<group>";
		};
		305042CC1C761851004C0B6C /* NoshUITests */ = {
			isa = PBXGroup;
			children = (
				305042CD1C761851004C0B6C /* NoshUITests.m */,
				305042CF1C761851004C0B6C /* Info.plist */,
			);
			path = NoshUITests;
			sourceTree = "<group>";
		};
/* End PBXGroup section */

/* Begin PBXNativeTarget section */
		305042A41C761851004C0B6C /* Nosh */ = {
			isa = PBXNativeTarget;
			buildConfigurationList = 305042D21C761851004C0B6C /* Build configuration list for PBXNativeTarget "Nosh" */;
			buildPhases = (
				305042A11C761851004C0B6C /* Sources */,
				305042A21C761851004C0B6C /* Frameworks */,
				305042A31C761851004C0B6C /* Resources */,
			);
			buildRules = (
			);
			dependencies = (
			);
			name = Nosh;
			productName = Nosh;
			productReference = 305042A51C761851004C0B6C /* Nosh.app */;
			productType = "com.apple.product-type.application";
		};
		305042BD1C761851004C0B6C /* NoshTests */ = {
			isa = PBXNativeTarget;
			buildConfigurationList = 305042D51C761851004C0B6C /* Build configuration list for PBXNativeTarget "NoshTests" */;
			buildPhases = (
				305042BA1C761851004C0B6C /* Sources */,
				305042BB1C761851004C0B6C /* Frameworks */,
				305042BC1C761851004C0B6C /* Resources */,
			);
			buildRules = (
			);
			dependencies = (
				305042C01C761851004C0B6C /* PBXTargetDependency */,
			);
			name = NoshTests;
			productName = NoshTests;
			productReference = 305042BE1C761851004C0B6C /* NoshTests.xctest */;
			productType = "com.apple.product-type.bundle.unit-test";
		};
		305042C81C761851004C0B6C /* NoshUITests */ = {
			isa = PBXNativeTarget;
			buildConfigurationList = 305042D81C761851004C0B6C /* Build configuration list for PBXNativeTarget "NoshUITests" */;
			buildPhases = (
				305042C51C761851004C0B6C /* Sources */,
				305042C61C761851004C0B6C /* Frameworks */,
				305042C71C761851004C0B6C /* Resources */,
			);
			buildRules = (
			);
			dependencies = (
				305042CB1C761851004C0B6C /* PBXTargetDependency */,
			);
			name = NoshUITests;
			productName = NoshUITests;
			productReference = 305042C91C761851004C0B6C /* NoshUITests.xctest */;
			productType = "com.apple.product-type.bundle.ui-testing";
		};
/* End PBXNativeTarget section */

/* Begin PBXProject section */
		3050429D1C761851004C0B6C /* Project object */ = {
			isa = PBXProject;
			attributes = {
				LastUpgradeCheck = 0720;
				ORGANIZATIONNAME = "advatiya prasad";
				TargetAttributes = {
					305042A41C761851004C0B6C = {
						CreatedOnToolsVersion = 7.2.1;
						DevelopmentTeam = 9VP629MSTY;
					};
					305042BD1C761851004C0B6C = {
						CreatedOnToolsVersion = 7.2.1;
						DevelopmentTeam = 9VP629MSTY;
						TestTargetID = 305042A41C761851004C0B6C;
					};
					305042C81C761851004C0B6C = {
						CreatedOnToolsVersion = 7.2.1;
						DevelopmentTeam = 9VP629MSTY;
						TestTargetID = 305042A41C761851004C0B6C;
					};
				};
			};
			buildConfigurationList = 305042A01C761851004C0B6C /* Build configuration list for PBXProject "Nosh" */;
			compatibilityVersion = "Xcode 3.2";
			developmentRegion = English;
			hasScannedForEncodings = 0;
			knownRegions = (
				en,
				Base,
			);
			mainGroup = 3050429C1C761851004C0B6C;
			productRefGroup = 305042A61C761851004C0B6C /* Products */;
			projectDirPath = "";
			projectRoot = "";
			targets = (
				305042A41C761851004C0B6C /* Nosh */,
				305042BD1C761851004C0B6C /* NoshTests */,
				305042C81C761851004C0B6C /* NoshUITests */,
			);
		};
/* End PBXProject section */

/* Begin PBXResourcesBuildPhase section */
		305042A31C761851004C0B6C /* Resources */ = {
			isa = PBXResourcesBuildPhase;
			buildActionMask = 2147483647;
			files = (
				305042B81C761851004C0B6C /* LaunchScreen.storyboard in Resources */,
				305042B51C761851004C0B6C /* Assets.xcassets in Resources */,
				305042B31C761851004C0B6C /* Main.storyboard in Resources */,
			);
			runOnlyForDeploymentPostprocessing = 0;
		};
		305042BC1C761851004C0B6C /* Resources */ = {
			isa = PBXResourcesBuildPhase;
			buildActionMask = 2147483647;
			files = (
			);
			runOnlyForDeploymentPostprocessing = 0;
		};
		305042C71C761851004C0B6C /* Resources */ = {
			isa = PBXResourcesBuildPhase;
			buildActionMask = 2147483647;
			files = (
			);
			runOnlyForDeploymentPostprocessing = 0;
		};
/* End PBXResourcesBuildPhase section */

/* Begin PBXSourcesBuildPhase section */
		305042A11C761851004C0B6C /* Sources */ = {
			isa = PBXSourcesBuildPhase;
			buildActionMask = 2147483647;
			files = (
				305042B01C761851004C0B6C /* ViewController.m in Sources */,
				305042AD1C761851004C0B6C /* AppDelegate.m in Sources */,
				305042AA1C761851004C0B6C /* main.m in Sources */,
			);
			runOnlyForDeploymentPostprocessing = 0;
		};
		305042BA1C761851004C0B6C /* Sources */ = {
			isa = PBXSourcesBuildPhase;
			buildActionMask = 2147483647;
			files = (
				305042C31C761851004C0B6C /* NoshTests.m in Sources */,
			);
			runOnlyForDeploymentPostprocessing = 0;
		};
		305042C51C761851004C0B6C /* Sources */ = {
			isa = PBXSourcesBuildPhase;
			buildActionMask = 2147483647;
			files = (
				305042CE1C761851004C0B6C /* NoshUITests.m in Sources */,
			);
			runOnlyForDeploymentPostprocessing = 0;
		};
/* End PBXSourcesBuildPhase section */

/* Begin PBXTargetDependency section */
		305042C01C761851004C0B6C /* PBXTargetDependency */ = {
			isa = PBXTargetDependency;
			target = 305042A41C761851004C0B6C /* Nosh */;
			targetProxy = 305042BF1C761851004C0B6C /* PBXContainerItemProxy */;
		};
		305042CB1C761851004C0B6C /* PBXTargetDependency */ = {
			isa = PBXTargetDependency;
			target = 305042A41C761851004C0B6C /* Nosh */;
			targetProxy = 305042CA1C761851004C0B6C /* PBXContainerItemProxy */;
		};
/* End PBXTargetDependency section */

/* Begin PBXVariantGroup section */
		305042B11C761851004C0B6C /* Main.storyboard */ = {
			isa = PBXVariantGroup;
			children = (
				305042B21C761851004C0B6C /* Base */,
			);
			name = Main.storyboard;
			sourceTree = "<group>";
		};
		305042B61C761851004C0B6C /* LaunchScreen.storyboard */ = {
			isa = PBXVariantGroup;
			children = (
				305042B71C761851004C0B6C /* Base */,
			);
			name = LaunchScreen.storyboard;
			sourceTree = "<group>";
		};
/* End PBXVariantGroup section */

/* Begin XCBuildConfiguration section */
		305042D01C761851004C0B6C /* Debug */ = {
			isa = XCBuildConfiguration;
			buildSettings = {
				ALWAYS_SEARCH_USER_PATHS = NO;
				CLANG_CXX_LANGUAGE_STANDARD = "gnu++0x";
				CLANG_CXX_LIBRARY = "libc++";
				CLANG_ENABLE_MODULES = YES;
				CLANG_ENABLE_OBJC_ARC = YES;
				CLANG_WARN_BOOL_CONVERSION = YES;
				CLANG_WARN_CONSTANT_CONVERSION = YES;
				CLANG_WARN_DIRECT_OBJC_ISA_USAGE = YES_ERROR;
				CLANG_WARN_EMPTY_BODY = YES;
				CLANG_WARN_ENUM_CONVERSION = YES;
				CLANG_WARN_INT_CONVERSION = YES;
				CLANG_WARN_OBJC_ROOT_CLASS = YES_ERROR;
				CLANG_WARN_UNREACHABLE_CODE = YES;
				CLANG_WARN__DUPLICATE_METHOD_MATCH = YES;
				"CODE_SIGN_IDENTITY[sdk=iphoneos*]" = "iPhone Developer";
				COPY_PHASE_STRIP = NO;
				DEBUG_INFORMATION_FORMAT = dwarf;
				ENABLE_STRICT_OBJC_MSGSEND = YES;
				ENABLE_TESTABILITY = YES;
				GCC_C_LANGUAGE_STANDARD = gnu99;
				GCC_DYNAMIC_NO_PIC = NO;
				GCC_NO_COMMON_BLOCKS = YES;
				GCC_OPTIMIZATION_LEVEL = 0;
				GCC_PREPROCESSOR_DEFINITIONS = (
					"DEBUG=1",
					"$(inherited)",
				);
				GCC_WARN_64_TO_32_BIT_CONVERSION = YES;
				GCC_WARN_ABOUT_RETURN_TYPE = YES_ERROR;
				GCC_WARN_UNDECLARED_SELECTOR = YES;
				GCC_WARN_UNINITIALIZED_AUTOS = YES_AGGRESSIVE;
				GCC_WARN_UNUSED_FUNCTION = YES;
				GCC_WARN_UNUSED_VARIABLE = YES;
				IPHONEOS_DEPLOYMENT_TARGET = 9.2;
				MTL_ENABLE_DEBUG_INFO = YES;
				ONLY_ACTIVE_ARCH = YES;
				SDKROOT = iphoneos;
				TARGETED_DEVICE_FAMILY = "1,2";
			};
			name = Debug;
		};
		305042D11C761851004C0B6C /* Release */ = {
			isa = XCBuildConfiguration;
			buildSettings = {
				ALWAYS_SEARCH_USER_PATHS = NO;
				CLANG_CXX_LANGUAGE_STANDARD = "gnu++0x";
				CLANG_CXX_LIBRARY = "libc++";
				CLANG_ENABLE_MODULES = YES;
				CLANG_ENABLE_OBJC_ARC = YES;
				CLANG_WARN_BOOL_CONVERSION = YES;
				CLANG_WARN_CONSTANT_CONVERSION = YES;
				CLANG_WARN_DIRECT_OBJC_ISA_USAGE = YES_ERROR;
				CLANG_WARN_EMPTY_BODY = YES;
				CLANG_WARN_ENUM_CONVERSION = YES;
				CLANG_WARN_INT_CONVERSION = YES;
				CLANG_WARN_OBJC_ROOT_CLASS = YES_ERROR;
				CLANG_WARN_UNREACHABLE_CODE = YES;
				CLANG_WARN__DUPLICATE_METHOD_MATCH = YES;
				"CODE_SIGN_IDENTITY[sdk=iphoneos*]" = "iPhone Developer";
				COPY_PHASE_STRIP = NO;
				DEBUG_INFORMATION_FORMAT = "dwarf-with-dsym";
				ENABLE_NS_ASSERTIONS = NO;
				ENABLE_STRICT_OBJC_MSGSEND = YES;
				GCC_C_LANGUAGE_STANDARD = gnu99;
				GCC_NO_COMMON_BLOCKS = YES;
				GCC_WARN_64_TO_32_BIT_CONVERSION = YES;
				GCC_WARN_ABOUT_RETURN_TYPE = YES_ERROR;
				GCC_WARN_UNDECLARED_SELECTOR = YES;
				GCC_WARN_UNINITIALIZED_AUTOS = YES_AGGRESSIVE;
				GCC_WARN_UNUSED_FUNCTION = YES;
				GCC_WARN_UNUSED_VARIABLE = YES;
				IPHONEOS_DEPLOYMENT_TARGET = 9.2;
				MTL_ENABLE_DEBUG_INFO = NO;
				SDKROOT = iphoneos;
				TARGETED_DEVICE_FAMILY = "1,2";
				VALIDATE_PRODUCT = YES;
			};
			name = Release;
		};
		305042D31C761851004C0B6C /* Debug */ = {
			isa = XCBuildConfiguration;
			buildSettings = {
				ASSETCATALOG_COMPILER_APPICON_NAME = AppIcon;
				INFOPLIST_FILE = Nosh/Info.plist;
				LD_RUNPATH_SEARCH_PATHS = "$(inherited) @executable_path/Frameworks";
				PRODUCT_BUNDLE_IDENTIFIER = my.Nosh;
				PRODUCT_NAME = "$(TARGET_NAME)";
			};
			name = Debug;
		};
		305042D41C761851004C0B6C /* Release */ = {
			isa = XCBuildConfiguration;
			buildSettings = {
				ASSETCATALOG_COMPILER_APPICON_NAME = AppIcon;
				INFOPLIST_FILE = Nosh/Info.plist;
				LD_RUNPATH_SEARCH_PATHS = "$(inherited) @executable_path/Frameworks";
				PRODUCT_BUNDLE_IDENTIFIER = my.Nosh;
				PRODUCT_NAME = "$(TARGET_NAME)";
			};
			name = Release;
		};
		305042D61C761851004C0B6C /* Debug */ = {
			isa = XCBuildConfiguration;
			buildSettings = {
				BUNDLE_LOADER = "$(TEST_HOST)";
				INFOPLIST_FILE = NoshTests/Info.plist;
				LD_RUNPATH_SEARCH_PATHS = "$(inherited) @executable_path/Frameworks @loader_path/Frameworks";
				PRODUCT_BUNDLE_IDENTIFIER = my.NoshTests;
				PRODUCT_NAME = "$(TARGET_NAME)";
				TEST_HOST = "$(BUILT_PRODUCTS_DIR)/Nosh.app/Nosh";
			};
			name = Debug;
		};
		305042D71C761851004C0B6C /* Release */ = {
			isa = XCBuildConfiguration;
			buildSettings = {
				BUNDLE_LOADER = "$(TEST_HOST)";
				INFOPLIST_FILE = NoshTests/Info.plist;
				LD_RUNPATH_SEARCH_PATHS = "$(inherited) @executable_path/Frameworks @loader_path/Frameworks";
				PRODUCT_BUNDLE_IDENTIFIER = my.NoshTests;
				PRODUCT_NAME = "$(TARGET_NAME)";
				TEST_HOST = "$(BUILT_PRODUCTS_DIR)/Nosh.app/Nosh";
			};
			name = Release;
		};
		305042D91C761851004C0B6C /* Debug */ = {
			isa = XCBuildConfiguration;
			buildSettings = {
				INFOPLIST_FILE = NoshUITests/Info.plist;
				LD_RUNPATH_SEARCH_PATHS = "$(inherited) @executable_path/Frameworks @loader_path/Frameworks";
				PRODUCT_BUNDLE_IDENTIFIER = my.NoshUITests;
				PRODUCT_NAME = "$(TARGET_NAME)";
				TEST_TARGET_NAME = Nosh;
				USES_XCTRUNNER = YES;
			};
			name = Debug;
		};
		305042DA1C761851004C0B6C /* Release */ = {
			isa = XCBuildConfiguration;
			buildSettings = {
				INFOPLIST_FILE = NoshUITests/Info.plist;
				LD_RUNPATH_SEARCH_PATHS = "$(inherited) @executable_path/Frameworks @loader_path/Frameworks";
				PRODUCT_BUNDLE_IDENTIFIER = my.NoshUITests;
				PRODUCT_NAME = "$(TARGET_NAME)";
				TEST_TARGET_NAME = Nosh;
				USES_XCTRUNNER = YES;
			};
			name = Release;
		};
/* End XCBuildConfiguration section */

/* Begin XCConfigurationList section */
		305042A01C761851004C0B6C /* Build configuration list for PBXProject "Nosh" */ = {
			isa = XCConfigurationList;
			buildConfigurations = (
				305042D01C761851004C0B6C /* Debug */,
				305042D11C761851004C0B6C /* Release */,
			);
			defaultConfigurationIsVisible = 0;
			defaultConfigurationName = Release;
		};
		305042D21C761851004C0B6C /* Build configuration list for PBXNativeTarget "Nosh" */ = {
			isa = XCConfigurationList;
			buildConfigurations = (
				305042D31C761851004C0B6C /* Debug */,
				305042D41C761851004C0B6C /* Release */,
			);
			defaultConfigurationIsVisible = 0;
		};
		305042D51C761851004C0B6C /* Build configuration list for PBXNativeTarget "NoshTests" */ = {
			isa = XCConfigurationList;
			buildConfigurations = (
				305042D61C761851004C0B6C /* Debug */,
				305042D71C761851004C0B6C /* Release */,
			);
			defaultConfigurationIsVisible = 0;
		};
		305042D81C761851004C0B6C /* Build configuration list for PBXNativeTarget "NoshUITests" */ = {
			isa = XCConfigurationList;
			buildConfigurations = (
				305042D91C761851004C0B6C /* Debug */,
				305042DA1C761851004C0B6C /* Release */,
			);
			defaultConfigurationIsVisible = 0;
		};
/* End XCConfigurationList section */
	};
	rootObject = 3050429D1C761851004C0B6C /* Project object */;
}
